
Microsoft Visual Studio Solution File, Format Version 12.00
# Visual Studio Version 17
VisualStudioVersion = 17.3.32825.248
MinimumVisualStudioVersion = 10.0.40219.1
Project("{FAE04EC0-301F-11D3-BF4B-00C04F79EFBC}") = "LABA-14", "LABA-14\LABA-14.csproj", "{A8F23256-2D71-4FB4-9403-1875E9566A79}"
EndProject
Global
	GlobalSection(SolutionConfigurationPlatforms) = preSolution
		Debug|Any CPU = Debug|Any CPU
		Release|Any CPU = Release|Any CPU
	EndGlobalSection
	GlobalSection(ProjectConfigurationPlatforms) = postSolution
		{A8F23256-2D71-4FB4-9403-1875E9566A79}.Debug|Any CPU.ActiveCfg = Debug|Any CPU
		{A8F23256-2D71-4FB4-9403-1875E9566A79}.Debug|Any CPU.Build.0 = Debug|Any CPU
		{A8F23256-2D71-4FB4-9403-1875E9566A79}.Release|Any CPU.ActiveCfg = Release|Any CPU
		{A8F23256-2D71-4FB4-9403-1875E9566A79}.Release|Any CPU.Build.0 = Release|Any CPU
	EndGlobalSection
	GlobalSection(SolutionProperties) = preSolution
		HideSolutionNode = FALSE
	EndGlobalSection
	GlobalSection(ExtensibilityGlobals) = postSolution
		SolutionGuid = {75D7EFC7-74E2-40DD-B8DD-CC50B03BB6C1}
	EndGlobalSection
EndGlobal
