
Microsoft Visual Studio Solution File, Format Version 12.00
# Visual Studio Version 17
VisualStudioVersion = 17.3.32825.248
MinimumVisualStudioVersion = 10.0.40219.1
Project("{FAE04EC0-301F-11D3-BF4B-00C04F79EFBC}") = "LABA-11", "LABA-11\LABA-11.csproj", "{B0FD1AC1-728A-4759-A226-67F0E7B7CBB0}"
EndProject
Global
	GlobalSection(SolutionConfigurationPlatforms) = preSolution
		Debug|Any CPU = Debug|Any CPU
		Release|Any CPU = Release|Any CPU
	EndGlobalSection
	GlobalSection(ProjectConfigurationPlatforms) = postSolution
		{B0FD1AC1-728A-4759-A226-67F0E7B7CBB0}.Debug|Any CPU.ActiveCfg = Debug|Any CPU
		{B0FD1AC1-728A-4759-A226-67F0E7B7CBB0}.Debug|Any CPU.Build.0 = Debug|Any CPU
		{B0FD1AC1-728A-4759-A226-67F0E7B7CBB0}.Release|Any CPU.ActiveCfg = Release|Any CPU
		{B0FD1AC1-728A-4759-A226-67F0E7B7CBB0}.Release|Any CPU.Build.0 = Release|Any CPU
	EndGlobalSection
	GlobalSection(SolutionProperties) = preSolution
		HideSolutionNode = FALSE
	EndGlobalSection
	GlobalSection(ExtensibilityGlobals) = postSolution
		SolutionGuid = {0F7D0364-C4C9-47C5-81C1-645B7A308F68}
	EndGlobalSection
EndGlobal
