
Microsoft Visual Studio Solution File, Format Version 12.00
# Visual Studio Version 17
VisualStudioVersion = 17.3.32825.248
MinimumVisualStudioVersion = 10.0.40219.1
Project("{FAE04EC0-301F-11D3-BF4B-00C04F79EFBC}") = "LABA-4", "LABA-4\LABA-4.csproj", "{44395CE5-E64D-4315-A3B3-40DC180A4795}"
EndProject
Global
	GlobalSection(SolutionConfigurationPlatforms) = preSolution
		Debug|Any CPU = Debug|Any CPU
		Release|Any CPU = Release|Any CPU
	EndGlobalSection
	GlobalSection(ProjectConfigurationPlatforms) = postSolution
		{44395CE5-E64D-4315-A3B3-40DC180A4795}.Debug|Any CPU.ActiveCfg = Debug|Any CPU
		{44395CE5-E64D-4315-A3B3-40DC180A4795}.Debug|Any CPU.Build.0 = Debug|Any CPU
		{44395CE5-E64D-4315-A3B3-40DC180A4795}.Release|Any CPU.ActiveCfg = Release|Any CPU
		{44395CE5-E64D-4315-A3B3-40DC180A4795}.Release|Any CPU.Build.0 = Release|Any CPU
	EndGlobalSection
	GlobalSection(SolutionProperties) = preSolution
		HideSolutionNode = FALSE
	EndGlobalSection
	GlobalSection(ExtensibilityGlobals) = postSolution
		SolutionGuid = {3BEF28C0-EAC8-4525-9A33-1FCA838A2B41}
	EndGlobalSection
EndGlobal
