
Microsoft Visual Studio Solution File, Format Version 12.00
# Visual Studio Version 17
VisualStudioVersion = 17.3.32825.248
MinimumVisualStudioVersion = 10.0.40219.1
Project("{FAE04EC0-301F-11D3-BF4B-00C04F79EFBC}") = "LABA-3", "LABA-3\LABA-3.csproj", "{EECEA05E-A178-4427-A4A1-4E3DB2757DA6}"
EndProject
Global
	GlobalSection(SolutionConfigurationPlatforms) = preSolution
		Debug|Any CPU = Debug|Any CPU
		Release|Any CPU = Release|Any CPU
	EndGlobalSection
	GlobalSection(ProjectConfigurationPlatforms) = postSolution
		{EECEA05E-A178-4427-A4A1-4E3DB2757DA6}.Debug|Any CPU.ActiveCfg = Debug|Any CPU
		{EECEA05E-A178-4427-A4A1-4E3DB2757DA6}.Debug|Any CPU.Build.0 = Debug|Any CPU
		{EECEA05E-A178-4427-A4A1-4E3DB2757DA6}.Release|Any CPU.ActiveCfg = Release|Any CPU
		{EECEA05E-A178-4427-A4A1-4E3DB2757DA6}.Release|Any CPU.Build.0 = Release|Any CPU
	EndGlobalSection
	GlobalSection(SolutionProperties) = preSolution
		HideSolutionNode = FALSE
	EndGlobalSection
	GlobalSection(ExtensibilityGlobals) = postSolution
		SolutionGuid = {3F0D90DA-0447-4279-B247-57A84753044E}
	EndGlobalSection
EndGlobal
